// !$*UTF8*$!
{
	archiveVersion = 1;
	classes = {
	};
	objectVersion = 56;
	objects = {

/* Begin PBXBuildFile section */
		277D9B6C291453E60099F91F /* AppDelegate.swift in Sources */ = {isa = PBXBuildFile; fileRef = 277D9B6B291453E60099F91F /* AppDelegate.swift */; };
		277D9B6E291453E60099F91F /* SceneDelegate.swift in Sources */ = {isa = PBXBuildFile; fileRef = 277D9B6D291453E60099F91F /* SceneDelegate.swift */; };
		277D9B70291453E60099F91F /* ConversationsViewController.swift in Sources */ = {isa = PBXBuildFile; fileRef = 277D9B6F291453E60099F91F /* ConversationsViewController.swift */; };
		277D9B73291453E60099F91F /* Main.storyboard in Resources */ = {isa = PBXBuildFile; fileRef = 277D9B71291453E60099F91F /* Main.storyboard */; };
		277D9B75291453EA0099F91F /* Assets.xcassets in Resources */ = {isa = PBXBuildFile; fileRef = 277D9B74291453EA0099F91F /* Assets.xcassets */; };
		277D9B78291453EA0099F91F /* LaunchScreen.storyboard in Resources */ = {isa = PBXBuildFile; fileRef = 277D9B76291453EA0099F91F /* LaunchScreen.storyboard */; };
		277D9B86291597ED0099F91F /* LoginViewController.swift in Sources */ = {isa = PBXBuildFile; fileRef = 277D9B85291597ED0099F91F /* LoginViewController.swift */; };
		277D9B88291598180099F91F /* RegisterViewController.swift in Sources */ = {isa = PBXBuildFile; fileRef = 277D9B87291598180099F91F /* RegisterViewController.swift */; };
		277D9B8A291598730099F91F /* PhotoViewerViewController.swift in Sources */ = {isa = PBXBuildFile; fileRef = 277D9B89291598730099F91F /* PhotoViewerViewController.swift */; };
		277D9B8C2915988B0099F91F /* VideoPlayerViewController.swift in Sources */ = {isa = PBXBuildFile; fileRef = 277D9B8B2915988B0099F91F /* VideoPlayerViewController.swift */; };
		277D9B8E291598D10099F91F /* NewConversationViewController.swift in Sources */ = {isa = PBXBuildFile; fileRef = 277D9B8D291598D10099F91F /* NewConversationViewController.swift */; };
		277D9B90291598F50099F91F /* ProfileViewController.swift in Sources */ = {isa = PBXBuildFile; fileRef = 277D9B8F291598F50099F91F /* ProfileViewController.swift */; };
		277D9B98291A01110099F91F /* Extensions.swift in Sources */ = {isa = PBXBuildFile; fileRef = 277D9B97291A01110099F91F /* Extensions.swift */; };
		279B9123291A5DFC0058CC15 /* GoogleService-Info.plist in Resources */ = {isa = PBXBuildFile; fileRef = 279B9122291A5DFB0058CC15 /* GoogleService-Info.plist */; };
		27E9B95F291CB6C20048106E /* DatabaseManager.swift in Sources */ = {isa = PBXBuildFile; fileRef = 27E9B95E291CB6C20048106E /* DatabaseManager.swift */; };
		357DD0915A9AE88FD64E5EB7 /* Pods_ProjectQ.framework in Frameworks */ = {isa = PBXBuildFile; fileRef = E8F898B2DDA9C1456F6FF831 /* Pods_ProjectQ.framework */; };
/* End PBXBuildFile section */

/* Begin PBXFileReference section */
		277D9B68291453E60099F91F /* ProjectQ.app */ = {isa = PBXFileReference; explicitFileType = wrapper.application; includeInIndex = 0; path = ProjectQ.app; sourceTree = BUILT_PRODUCTS_DIR; };
		277D9B6B291453E60099F91F /* AppDelegate.swift */ = {isa = PBXFileReference; lastKnownFileType = sourcecode.swift; path = AppDelegate.swift; sourceTree = "<group>"; };
		277D9B6D291453E60099F91F /* SceneDelegate.swift */ = {isa = PBXFileReference; lastKnownFileType = sourcecode.swift; path = SceneDelegate.swift; sourceTree = "<group>"; };
		277D9B6F291453E60099F91F /* ConversationsViewController.swift */ = {isa = PBXFileReference; lastKnownFileType = sourcecode.swift; path = ConversationsViewController.swift; sourceTree = "<group>"; };
		277D9B72291453E60099F91F /* Base */ = {isa = PBXFileReference; lastKnownFileType = file.storyboard; name = Base; path = Base.lproj/Main.storyboard; sourceTree = "<group>"; };
		277D9B74291453EA0099F91F /* Assets.xcassets */ = {isa = PBXFileReference; lastKnownFileType = folder.assetcatalog; path = Assets.xcassets; sourceTree = "<group>"; };
		277D9B77291453EA0099F91F /* Base */ = {isa = PBXFileReference; lastKnownFileType = file.storyboard; name = Base; path = Base.lproj/LaunchScreen.storyboard; sourceTree = "<group>"; };
		277D9B79291453EA0099F91F /* Info.plist */ = {isa = PBXFileReference; lastKnownFileType = text.plist.xml; path = Info.plist; sourceTree = "<group>"; };
		277D9B85291597ED0099F91F /* LoginViewController.swift */ = {isa = PBXFileReference; lastKnownFileType = sourcecode.swift; path = LoginViewController.swift; sourceTree = "<group>"; };
		277D9B87291598180099F91F /* RegisterViewController.swift */ = {isa = PBXFileReference; lastKnownFileType = sourcecode.swift; path = RegisterViewController.swift; sourceTree = "<group>"; };
		277D9B89291598730099F91F /* PhotoViewerViewController.swift */ = {isa = PBXFileReference; lastKnownFileType = sourcecode.swift; path = PhotoViewerViewController.swift; sourceTree = "<group>"; };
		277D9B8B2915988B0099F91F /* VideoPlayerViewController.swift */ = {isa = PBXFileReference; lastKnownFileType = sourcecode.swift; path = VideoPlayerViewController.swift; sourceTree = "<group>"; };
		277D9B8D291598D10099F91F /* NewConversationViewController.swift */ = {isa = PBXFileReference; lastKnownFileType = sourcecode.swift; path = NewConversationViewController.swift; sourceTree = "<group>"; };
		277D9B8F291598F50099F91F /* ProfileViewController.swift */ = {isa = PBXFileReference; lastKnownFileType = sourcecode.swift; path = ProfileViewController.swift; sourceTree = "<group>"; };
		277D9B97291A01110099F91F /* Extensions.swift */ = {isa = PBXFileReference; lastKnownFileType = sourcecode.swift; path = Extensions.swift; sourceTree = "<group>"; };
		279B9122291A5DFB0058CC15 /* GoogleService-Info.plist */ = {isa = PBXFileReference; fileEncoding = 4; lastKnownFileType = text.plist.xml; name = "GoogleService-Info.plist"; path = "../../GoogleService-Info.plist"; sourceTree = "<group>"; };
		27E9B95E291CB6C20048106E /* DatabaseManager.swift */ = {isa = PBXFileReference; lastKnownFileType = sourcecode.swift; path = DatabaseManager.swift; sourceTree = "<group>"; };
		4947DBF3462B8A05712F694D /* Pods-ProjectQ.debug.xcconfig */ = {isa = PBXFileReference; includeInIndex = 1; lastKnownFileType = text.xcconfig; name = "Pods-ProjectQ.debug.xcconfig"; path = "Target Support Files/Pods-ProjectQ/Pods-ProjectQ.debug.xcconfig"; sourceTree = "<group>"; };
		50C6744B051E53ADA61EAEA2 /* Pods-ProjectQ.release.xcconfig */ = {isa = PBXFileReference; includeInIndex = 1; lastKnownFileType = text.xcconfig; name = "Pods-ProjectQ.release.xcconfig"; path = "Target Support Files/Pods-ProjectQ/Pods-ProjectQ.release.xcconfig"; sourceTree = "<group>"; };
		E8F898B2DDA9C1456F6FF831 /* Pods_ProjectQ.framework */ = {isa = PBXFileReference; explicitFileType = wrapper.framework; includeInIndex = 0; path = Pods_ProjectQ.framework; sourceTree = BUILT_PRODUCTS_DIR; };
/* End PBXFileReference section */

/* Begin PBXFrameworksBuildPhase section */
		277D9B65291453E60099F91F /* Frameworks */ = {
			isa = PBXFrameworksBuildPhase;
			buildActionMask = 2147483647;
			files = (
				357DD0915A9AE88FD64E5EB7 /* Pods_ProjectQ.framework in Frameworks */,
			);
			runOnlyForDeploymentPostprocessing = 0;
		};
/* End PBXFrameworksBuildPhase section */

/* Begin PBXGroup section */
		277D9B5F291453E60099F91F = {
			isa = PBXGroup;
			children = (
				277D9B6A291453E60099F91F /* ProjectQ */,
				277D9B69291453E60099F91F /* Products */,
				E4C42FF88AE58EE705B16E73 /* Pods */,
				543221302E29A78F95A9EDC3 /* Frameworks */,
			);
			sourceTree = "<group>";
		};
		277D9B69291453E60099F91F /* Products */ = {
			isa = PBXGroup;
			children = (
				277D9B68291453E60099F91F /* ProjectQ.app */,
			);
			name = Products;
			sourceTree = "<group>";
		};
		277D9B6A291453E60099F91F /* ProjectQ */ = {
			isa = PBXGroup;
			children = (
				279B9122291A5DFB0058CC15 /* GoogleService-Info.plist */,
				277D9B83291462CD0099F91F /* Resources */,
				277D9B82291462C20099F91F /* ViewModels */,
				277D9B81291462B90099F91F /* Models */,
				277D9B80291462B20099F91F /* Views */,
				277D9B7F291462A40099F91F /* Controllers */,
				277D9B79291453EA0099F91F /* Info.plist */,
			);
			path = ProjectQ;
			sourceTree = "<group>";
		};
		277D9B7F291462A40099F91F /* Controllers */ = {
			isa = PBXGroup;
			children = (
				277D9B6F291453E60099F91F /* ConversationsViewController.swift */,
				277D9B912915AB1C0099F91F /* Login */,
				277D9B89291598730099F91F /* PhotoViewerViewController.swift */,
				277D9B8B2915988B0099F91F /* VideoPlayerViewController.swift */,
				277D9B8D291598D10099F91F /* NewConversationViewController.swift */,
				277D9B8F291598F50099F91F /* ProfileViewController.swift */,
			);
			path = Controllers;
			sourceTree = "<group>";
		};
		277D9B80291462B20099F91F /* Views */ = {
			isa = PBXGroup;
			children = (
				277D9B842914631B0099F91F /* Storyboards */,
				277D9B74291453EA0099F91F /* Assets.xcassets */,
			);
			path = Views;
			sourceTree = "<group>";
		};
		277D9B81291462B90099F91F /* Models */ = {
			isa = PBXGroup;
			children = (
			);
			path = Models;
			sourceTree = "<group>";
		};
		277D9B82291462C20099F91F /* ViewModels */ = {
			isa = PBXGroup;
			children = (
			);
			path = ViewModels;
			sourceTree = "<group>";
		};
		277D9B83291462CD0099F91F /* Resources */ = {
			isa = PBXGroup;
			children = (
				277D9B6D291453E60099F91F /* SceneDelegate.swift */,
				277D9B6B291453E60099F91F /* AppDelegate.swift */,
				277D9B97291A01110099F91F /* Extensions.swift */,
				27E9B95E291CB6C20048106E /* DatabaseManager.swift */,
			);
			path = Resources;
			sourceTree = "<group>";
		};
		277D9B842914631B0099F91F /* Storyboards */ = {
			isa = PBXGroup;
			children = (
				277D9B71291453E60099F91F /* Main.storyboard */,
				277D9B76291453EA0099F91F /* LaunchScreen.storyboard */,
			);
			path = Storyboards;
			sourceTree = "<group>";
		};
		277D9B912915AB1C0099F91F /* Login */ = {
			isa = PBXGroup;
			children = (
				277D9B85291597ED0099F91F /* LoginViewController.swift */,
				277D9B87291598180099F91F /* RegisterViewController.swift */,
			);
			path = Login;
			sourceTree = "<group>";
		};
		543221302E29A78F95A9EDC3 /* Frameworks */ = {
			isa = PBXGroup;
			children = (
				E8F898B2DDA9C1456F6FF831 /* Pods_ProjectQ.framework */,
			);
			name = Frameworks;
			sourceTree = "<group>";
		};
		E4C42FF88AE58EE705B16E73 /* Pods */ = {
			isa = PBXGroup;
			children = (
				4947DBF3462B8A05712F694D /* Pods-ProjectQ.debug.xcconfig */,
				50C6744B051E53ADA61EAEA2 /* Pods-ProjectQ.release.xcconfig */,
			);
			path = Pods;
			sourceTree = "<group>";
		};
/* End PBXGroup section */

/* Begin PBXNativeTarget section */
		277D9B67291453E60099F91F /* ProjectQ */ = {
			isa = PBXNativeTarget;
			buildConfigurationList = 277D9B7C291453EA0099F91F /* Build configuration list for PBXNativeTarget "ProjectQ" */;
			buildPhases = (
				170DF5AC83D4FFC58B267E1A /* [CP] Check Pods Manifest.lock */,
				277D9B64291453E60099F91F /* Sources */,
				277D9B65291453E60099F91F /* Frameworks */,
				277D9B66291453E60099F91F /* Resources */,
				90D09CB6F45AC6F297C6F48C /* [CP] Embed Pods Frameworks */,
			);
			buildRules = (
			);
			dependencies = (
			);
			name = ProjectQ;
			packageProductDependencies = (
			);
			productName = ProjectQ;
			productReference = 277D9B68291453E60099F91F /* ProjectQ.app */;
			productType = "com.apple.product-type.application";
		};
/* End PBXNativeTarget section */

/* Begin PBXProject section */
		277D9B60291453E60099F91F /* Project object */ = {
			isa = PBXProject;
			attributes = {
				BuildIndependentTargetsInParallel = 1;
				LastSwiftUpdateCheck = 1410;
				LastUpgradeCheck = 1410;
				TargetAttributes = {
					277D9B67291453E60099F91F = {
						CreatedOnToolsVersion = 14.1;
					};
				};
			};
			buildConfigurationList = 277D9B63291453E60099F91F /* Build configuration list for PBXProject "ProjectQ" */;
			compatibilityVersion = "Xcode 14.0";
			developmentRegion = en;
			hasScannedForEncodings = 0;
			knownRegions = (
				en,
				Base,
			);
			mainGroup = 277D9B5F291453E60099F91F;
			packageReferences = (
			);
			productRefGroup = 277D9B69291453E60099F91F /* Products */;
			projectDirPath = "";
			projectRoot = "";
			targets = (
				277D9B67291453E60099F91F /* ProjectQ */,
			);
		};
/* End PBXProject section */

/* Begin PBXResourcesBuildPhase section */
		277D9B66291453E60099F91F /* Resources */ = {
			isa = PBXResourcesBuildPhase;
			buildActionMask = 2147483647;
			files = (
				277D9B78291453EA0099F91F /* LaunchScreen.storyboard in Resources */,
				279B9123291A5DFC0058CC15 /* GoogleService-Info.plist in Resources */,
				277D9B75291453EA0099F91F /* Assets.xcassets in Resources */,
				277D9B73291453E60099F91F /* Main.storyboard in Resources */,
			);
			runOnlyForDeploymentPostprocessing = 0;
		};
/* End PBXResourcesBuildPhase section */

/* Begin PBXShellScriptBuildPhase section */
		170DF5AC83D4FFC58B267E1A /* [CP] Check Pods Manifest.lock */ = {
			isa = PBXShellScriptBuildPhase;
			buildActionMask = 2147483647;
			files = (
			);
			inputFileListPaths = (
			);
			inputPaths = (
				"${PODS_PODFILE_DIR_PATH}/Podfile.lock",
				"${PODS_ROOT}/Manifest.lock",
			);
			name = "[CP] Check Pods Manifest.lock";
			outputFileListPaths = (
			);
			outputPaths = (
				"$(DERIVED_FILE_DIR)/Pods-ProjectQ-checkManifestLockResult.txt",
			);
			runOnlyForDeploymentPostprocessing = 0;
			shellPath = /bin/sh;
			shellScript = "diff \"${PODS_PODFILE_DIR_PATH}/Podfile.lock\" \"${PODS_ROOT}/Manifest.lock\" > /dev/null\nif [ $? != 0 ] ; then\n    # print error to STDERR\n    echo \"error: The sandbox is not in sync with the Podfile.lock. Run 'pod install' or update your CocoaPods installation.\" >&2\n    exit 1\nfi\n# This output is used by Xcode 'outputs' to avoid re-running this script phase.\necho \"SUCCESS\" > \"${SCRIPT_OUTPUT_FILE_0}\"\n";
			showEnvVarsInLog = 0;
		};
		90D09CB6F45AC6F297C6F48C /* [CP] Embed Pods Frameworks */ = {
			isa = PBXShellScriptBuildPhase;
			buildActionMask = 2147483647;
			files = (
			);
			inputFileListPaths = (
				"${PODS_ROOT}/Target Support Files/Pods-ProjectQ/Pods-ProjectQ-frameworks-${CONFIGURATION}-input-files.xcfilelist",
			);
			name = "[CP] Embed Pods Frameworks";
			outputFileListPaths = (
				"${PODS_ROOT}/Target Support Files/Pods-ProjectQ/Pods-ProjectQ-frameworks-${CONFIGURATION}-output-files.xcfilelist",
			);
			runOnlyForDeploymentPostprocessing = 0;
			shellPath = /bin/sh;
			shellScript = "\"${PODS_ROOT}/Target Support Files/Pods-ProjectQ/Pods-ProjectQ-frameworks.sh\"\n";
			showEnvVarsInLog = 0;
		};
/* End PBXShellScriptBuildPhase section */

/* Begin PBXSourcesBuildPhase section */
		277D9B64291453E60099F91F /* Sources */ = {
			isa = PBXSourcesBuildPhase;
			buildActionMask = 2147483647;
			files = (
				277D9B86291597ED0099F91F /* LoginViewController.swift in Sources */,
				27E9B95F291CB6C20048106E /* DatabaseManager.swift in Sources */,
				277D9B88291598180099F91F /* RegisterViewController.swift in Sources */,
				277D9B8E291598D10099F91F /* NewConversationViewController.swift in Sources */,
				277D9B70291453E60099F91F /* ConversationsViewController.swift in Sources */,
				277D9B8C2915988B0099F91F /* VideoPlayerViewController.swift in Sources */,
				277D9B98291A01110099F91F /* Extensions.swift in Sources */,
				277D9B6C291453E60099F91F /* AppDelegate.swift in Sources */,
				277D9B90291598F50099F91F /* ProfileViewController.swift in Sources */,
				277D9B6E291453E60099F91F /* SceneDelegate.swift in Sources */,
				277D9B8A291598730099F91F /* PhotoViewerViewController.swift in Sources */,
			);
			runOnlyForDeploymentPostprocessing = 0;
		};
/* End PBXSourcesBuildPhase section */

/* Begin PBXVariantGroup section */
		277D9B71291453E60099F91F /* Main.storyboard */ = {
			isa = PBXVariantGroup;
			children = (
				277D9B72291453E60099F91F /* Base */,
			);
			name = Main.storyboard;
			sourceTree = "<group>";
		};
		277D9B76291453EA0099F91F /* LaunchScreen.storyboard */ = {
			isa = PBXVariantGroup;
			children = (
				277D9B77291453EA0099F91F /* Base */,
			);
			name = LaunchScreen.storyboard;
			sourceTree = "<group>";
		};
/* End PBXVariantGroup section */

/* Begin XCBuildConfiguration section */
		277D9B7A291453EA0099F91F /* Debug */ = {
			isa = XCBuildConfiguration;
			buildSettings = {
				ALWAYS_SEARCH_USER_PATHS = NO;
				CLANG_ANALYZER_NONNULL = YES;
				CLANG_ANALYZER_NUMBER_OBJECT_CONVERSION = YES_AGGRESSIVE;
				CLANG_CXX_LANGUAGE_STANDARD = "gnu++20";
				CLANG_ENABLE_MODULES = YES;
				CLANG_ENABLE_OBJC_ARC = YES;
				CLANG_ENABLE_OBJC_WEAK = YES;
				CLANG_WARN_BLOCK_CAPTURE_AUTORELEASING = YES;
				CLANG_WARN_BOOL_CONVERSION = YES;
				CLANG_WARN_COMMA = YES;
				CLANG_WARN_CONSTANT_CONVERSION = YES;
				CLANG_WARN_DEPRECATED_OBJC_IMPLEMENTATIONS = YES;
				CLANG_WARN_DIRECT_OBJC_ISA_USAGE = YES_ERROR;
				CLANG_WARN_DOCUMENTATION_COMMENTS = YES;
				CLANG_WARN_EMPTY_BODY = YES;
				CLANG_WARN_ENUM_CONVERSION = YES;
				CLANG_WARN_INFINITE_RECURSION = YES;
				CLANG_WARN_INT_CONVERSION = YES;
				CLANG_WARN_NON_LITERAL_NULL_CONVERSION = YES;
				CLANG_WARN_OBJC_IMPLICIT_RETAIN_SELF = YES;
				CLANG_WARN_OBJC_LITERAL_CONVERSION = YES;
				CLANG_WARN_OBJC_ROOT_CLASS = YES_ERROR;
				CLANG_WARN_QUOTED_INCLUDE_IN_FRAMEWORK_HEADER = YES;
				CLANG_WARN_RANGE_LOOP_ANALYSIS = YES;
				CLANG_WARN_STRICT_PROTOTYPES = YES;
				CLANG_WARN_SUSPICIOUS_MOVE = YES;
				CLANG_WARN_UNGUARDED_AVAILABILITY = YES_AGGRESSIVE;
				CLANG_WARN_UNREACHABLE_CODE = YES;
				CLANG_WARN__DUPLICATE_METHOD_MATCH = YES;
				COPY_PHASE_STRIP = NO;
				DEBUG_INFORMATION_FORMAT = dwarf;
				ENABLE_STRICT_OBJC_MSGSEND = YES;
				ENABLE_TESTABILITY = YES;
				GCC_C_LANGUAGE_STANDARD = gnu11;
				GCC_DYNAMIC_NO_PIC = NO;
				GCC_NO_COMMON_BLOCKS = YES;
				GCC_OPTIMIZATION_LEVEL = 0;
				GCC_PREPROCESSOR_DEFINITIONS = (
					"DEBUG=1",
					"$(inherited)",
				);
				GCC_WARN_64_TO_32_BIT_CONVERSION = YES;
				GCC_WARN_ABOUT_RETURN_TYPE = YES_ERROR;
				GCC_WARN_UNDECLARED_SELECTOR = YES;
				GCC_WARN_UNINITIALIZED_AUTOS = YES_AGGRESSIVE;
				GCC_WARN_UNUSED_FUNCTION = YES;
				GCC_WARN_UNUSED_VARIABLE = YES;
				IPHONEOS_DEPLOYMENT_TARGET = 16.1;
				MTL_ENABLE_DEBUG_INFO = INCLUDE_SOURCE;
				MTL_FAST_MATH = YES;
				ONLY_ACTIVE_ARCH = YES;
				SDKROOT = iphoneos;
				SWIFT_ACTIVE_COMPILATION_CONDITIONS = DEBUG;
				SWIFT_OPTIMIZATION_LEVEL = "-Onone";
			};
			name = Debug;
		};
		277D9B7B291453EA0099F91F /* Release */ = {
			isa = XCBuildConfiguration;
			buildSettings = {
				ALWAYS_SEARCH_USER_PATHS = NO;
				CLANG_ANALYZER_NONNULL = YES;
				CLANG_ANALYZER_NUMBER_OBJECT_CONVERSION = YES_AGGRESSIVE;
				CLANG_CXX_LANGUAGE_STANDARD = "gnu++20";
				CLANG_ENABLE_MODULES = YES;
				CLANG_ENABLE_OBJC_ARC = YES;
				CLANG_ENABLE_OBJC_WEAK = YES;
				CLANG_WARN_BLOCK_CAPTURE_AUTORELEASING = YES;
				CLANG_WARN_BOOL_CONVERSION = YES;
				CLANG_WARN_COMMA = YES;
				CLANG_WARN_CONSTANT_CONVERSION = YES;
				CLANG_WARN_DEPRECATED_OBJC_IMPLEMENTATIONS = YES;
				CLANG_WARN_DIRECT_OBJC_ISA_USAGE = YES_ERROR;
				CLANG_WARN_DOCUMENTATION_COMMENTS = YES;
				CLANG_WARN_EMPTY_BODY = YES;
				CLANG_WARN_ENUM_CONVERSION = YES;
				CLANG_WARN_INFINITE_RECURSION = YES;
				CLANG_WARN_INT_CONVERSION = YES;
				CLANG_WARN_NON_LITERAL_NULL_CONVERSION = YES;
				CLANG_WARN_OBJC_IMPLICIT_RETAIN_SELF = YES;
				CLANG_WARN_OBJC_LITERAL_CONVERSION = YES;
				CLANG_WARN_OBJC_ROOT_CLASS = YES_ERROR;
				CLANG_WARN_QUOTED_INCLUDE_IN_FRAMEWORK_HEADER = YES;
				CLANG_WARN_RANGE_LOOP_ANALYSIS = YES;
				CLANG_WARN_STRICT_PROTOTYPES = YES;
				CLANG_WARN_SUSPICIOUS_MOVE = YES;
				CLANG_WARN_UNGUARDED_AVAILABILITY = YES_AGGRESSIVE;
				CLANG_WARN_UNREACHABLE_CODE = YES;
				CLANG_WARN__DUPLICATE_METHOD_MATCH = YES;
				COPY_PHASE_STRIP = NO;
				DEBUG_INFORMATION_FORMAT = "dwarf-with-dsym";
				ENABLE_NS_ASSERTIONS = NO;
				ENABLE_STRICT_OBJC_MSGSEND = YES;
				GCC_C_LANGUAGE_STANDARD = gnu11;
				GCC_NO_COMMON_BLOCKS = YES;
				GCC_WARN_64_TO_32_BIT_CONVERSION = YES;
				GCC_WARN_ABOUT_RETURN_TYPE = YES_ERROR;
				GCC_WARN_UNDECLARED_SELECTOR = YES;
				GCC_WARN_UNINITIALIZED_AUTOS = YES_AGGRESSIVE;
				GCC_WARN_UNUSED_FUNCTION = YES;
				GCC_WARN_UNUSED_VARIABLE = YES;
				IPHONEOS_DEPLOYMENT_TARGET = 16.1;
				MTL_ENABLE_DEBUG_INFO = NO;
				MTL_FAST_MATH = YES;
				SDKROOT = iphoneos;
				SWIFT_COMPILATION_MODE = wholemodule;
				SWIFT_OPTIMIZATION_LEVEL = "-O";
				VALIDATE_PRODUCT = YES;
			};
			name = Release;
		};
		277D9B7D291453EA0099F91F /* Debug */ = {
			isa = XCBuildConfiguration;
			baseConfigurationReference = 4947DBF3462B8A05712F694D /* Pods-ProjectQ.debug.xcconfig */;
			buildSettings = {
				ASSETCATALOG_COMPILER_APPICON_NAME = AppIcon;
				ASSETCATALOG_COMPILER_GLOBAL_ACCENT_COLOR_NAME = AccentColor;
				CODE_SIGN_STYLE = Automatic;
				CURRENT_PROJECT_VERSION = 1;
				GENERATE_INFOPLIST_FILE = YES;
				INFOPLIST_FILE = ProjectQ/Info.plist;
				INFOPLIST_KEY_LSApplicationCategoryType = "public.app-category.social-networking";
				INFOPLIST_KEY_UIApplicationSupportsIndirectInputEvents = YES;
				INFOPLIST_KEY_UILaunchStoryboardName = LaunchScreen;
				INFOPLIST_KEY_UIMainStoryboardFile = Main;
				INFOPLIST_KEY_UISupportedInterfaceOrientations = UIInterfaceOrientationPortrait;
				IPHONEOS_DEPLOYMENT_TARGET = 13.0;
				LD_RUNPATH_SEARCH_PATHS = (
					"$(inherited)",
					"@executable_path/Frameworks",
				);
				MARKETING_VERSION = 1.0;
				PRODUCT_BUNDLE_IDENTIFIER = com.au.ProjectQ;
				PRODUCT_NAME = "$(TARGET_NAME)";
				SUPPORTED_PLATFORMS = "iphoneos iphonesimulator";
				SUPPORTS_MACCATALYST = NO;
				SUPPORTS_MAC_DESIGNED_FOR_IPHONE_IPAD = NO;
				SWIFT_EMIT_LOC_STRINGS = YES;
				SWIFT_VERSION = 5.0;
				TARGETED_DEVICE_FAMILY = "1,2";
			};
			name = Debug;
		};
		277D9B7E291453EA0099F91F /* Release */ = {
			isa = XCBuildConfiguration;
			baseConfigurationReference = 50C6744B051E53ADA61EAEA2 /* Pods-ProjectQ.release.xcconfig */;
			buildSettings = {
				ASSETCATALOG_COMPILER_APPICON_NAME = AppIcon;
				ASSETCATALOG_COMPILER_GLOBAL_ACCENT_COLOR_NAME = AccentColor;
				CODE_SIGN_STYLE = Automatic;
				CURRENT_PROJECT_VERSION = 1;
				GENERATE_INFOPLIST_FILE = YES;
				INFOPLIST_FILE = ProjectQ/Info.plist;
				INFOPLIST_KEY_LSApplicationCategoryType = "public.app-category.social-networking";
				INFOPLIST_KEY_UIApplicationSupportsIndirectInputEvents = YES;
				INFOPLIST_KEY_UILaunchStoryboardName = LaunchScreen;
				INFOPLIST_KEY_UIMainStoryboardFile = Main;
				INFOPLIST_KEY_UISupportedInterfaceOrientations = UIInterfaceOrientationPortrait;
				IPHONEOS_DEPLOYMENT_TARGET = 13.0;
				LD_RUNPATH_SEARCH_PATHS = (
					"$(inherited)",
					"@executable_path/Frameworks",
				);
				MARKETING_VERSION = 1.0;
				PRODUCT_BUNDLE_IDENTIFIER = com.au.ProjectQ;
				PRODUCT_NAME = "$(TARGET_NAME)";
				SUPPORTED_PLATFORMS = "iphoneos iphonesimulator";
				SUPPORTS_MACCATALYST = NO;
				SUPPORTS_MAC_DESIGNED_FOR_IPHONE_IPAD = NO;
				SWIFT_EMIT_LOC_STRINGS = YES;
				SWIFT_VERSION = 5.0;
				TARGETED_DEVICE_FAMILY = "1,2";
			};
			name = Release;
		};
/* End XCBuildConfiguration section */

/* Begin XCConfigurationList section */
		277D9B63291453E60099F91F /* Build configuration list for PBXProject "ProjectQ" */ = {
			isa = XCConfigurationList;
			buildConfigurations = (
				277D9B7A291453EA0099F91F /* Debug */,
				277D9B7B291453EA0099F91F /* Release */,
			);
			defaultConfigurationIsVisible = 0;
			defaultConfigurationName = Release;
		};
		277D9B7C291453EA0099F91F /* Build configuration list for PBXNativeTarget "ProjectQ" */ = {
			isa = XCConfigurationList;
			buildConfigurations = (
				277D9B7D291453EA0099F91F /* Debug */,
				277D9B7E291453EA0099F91F /* Release */,
			);
			defaultConfigurationIsVisible = 0;
			defaultConfigurationName = Release;
		};
/* End XCConfigurationList section */
	};
	rootObject = 277D9B60291453E60099F91F /* Project object */;
}
